dependencies:
  OmegaUtilityDriver:
    component_hash: c48a7f6c35f6754253b4a1f390aa86448f58a6f377e0bc6395ab31ada3c1b6ce
    source:
      git: https://github.com/Omegaki113r/OmegaUtilityDriver.git
      path: .
      type: git
    version: 7f1b5c1ebebf8d5c4df307c3ee9193edf4ad73f7
  idf:
    component_hash: null
    source:
      type: idf
    version: 5.3.0
manifest_hash: 49018e3ea5ea1612c68f1d7f886a1d67891f9d96610a582e3537e600739eb034
target: esp32s3
version: 1.0.0
